<?xml version="1.0" encoding="utf-8"?>
<Project ToolsVersion="4.0" xmlns="http://schemas.microsoft.com/developer/msbuild/2003">
  <ItemGroup>
    <Filter Include="소스 파일">
      <UniqueIdentifier>{4FC737F1-C7A5-4376-A066-2A32D752A2FF}</UniqueIdentifier>
      <Extensions>cpp;c;cc;cxx;c++;cppm;ixx;def;odl;idl;hpj;bat;asm;asmx</Extensions>
    </Filter>
    <Filter Include="헤더 파일">
      <UniqueIdentifier>{93995380-89BD-4b04-88EB-625FBE52EBFB}</UniqueIdentifier>
      <Extensions>h;hh;hpp;hxx;h++;hm;inl;inc;ipp;xsd</Extensions>
    </Filter>
    <Filter Include="리소스 파일">
      <UniqueIdentifier>{67DA6AB6-F800-4c08-8B7A-83BB121AAD01}</UniqueIdentifier>
      <Extensions>rc;ico;cur;bmp;dlg;rc2;rct;bin;rgs;gif;jpg;jpeg;jpe;resx;tiff;tif;png;wav;mfcribbon-ms</Extensions>
    </Filter>
    <Filter Include="소스 파일\DungeonRPG">
      <UniqueIdentifier>{9d71cbd8-59bd-42a9-877b-d82716676e8a}</UniqueIdentifier>
    </Filter>
    <Filter Include="소스 파일\game_1">
      <UniqueIdentifier>{3843390e-a9f6-4271-9d91-d0324ce5f9e5}</UniqueIdentifier>
    </Filter>
    <Filter Include="소스 파일\Black_jack_game_pj">
      <UniqueIdentifier>{35371c37-485f-438f-8e40-d945ff1e6915}</UniqueIdentifier>
    </Filter>
    <Filter Include="헤더 파일\DungeonRPG">
      <UniqueIdentifier>{43086750-8496-45f0-9b39-bc57cea18cd4}</UniqueIdentifier>
    </Filter>
    <Filter Include="소스 파일\concave">
      <UniqueIdentifier>{872313fb-7168-43aa-ba4e-1b871cf65270}</UniqueIdentifier>
    </Filter>
    <Filter Include="소스 파일\minesweeper">
      <UniqueIdentifier>{0492db73-740a-43f3-954e-fe0bf69c567b}</UniqueIdentifier>
    </Filter>
    <Filter Include="헤더 파일\minesweeper">
      <UniqueIdentifier>{d52df78a-8e24-46ca-862b-93e834ff1b14}</UniqueIdentifier>
    </Filter>
  </ItemGroup>
  <ItemGroup>
    <ClCompile Include="..\src\C_play\game\DungeonRPG\DungeonRPG.c">
      <Filter>소스 파일\DungeonRPG</Filter>
    </ClCompile>
    <ClCompile Include="..\src\C_play\game\game_1\game_2.c">
      <Filter>소스 파일\game_1</Filter>
    </ClCompile>
    <ClCompile Include="..\src\C_play\game\concave\concave.c">
      <Filter>소스 파일\concave</Filter>
    </ClCompile>
    <ClCompile Include="..\src\C_play\game\minesweeper\minesweeper.c">
      <Filter>소스 파일\minesweeper</Filter>
    </ClCompile>
    <ClCompile Include="..\src\C_play\game\minesweeper\setminemap.c">
      <Filter>소스 파일\minesweeper</Filter>
    </ClCompile>
    <ClCompile Include="..\src\C_play\game\minesweeper\setmine.c">
      <Filter>소스 파일\minesweeper</Filter>
    </ClCompile>
    <ClCompile Include="..\src\C_play\game\minesweeper\inGame.c">
      <Filter>소스 파일\minesweeper</Filter>
    </ClCompile>
    <ClCompile Include="..\src\C_play\game\minesweeper\processGame.c">
      <Filter>소스 파일\minesweeper</Filter>
    </ClCompile>
  </ItemGroup>
  <ItemGroup>
    <ClInclude Include="..\src\C_play\game\game_1\game_2.h">
      <Filter>소스 파일\game_1</Filter>
    </ClInclude>
    <ClInclude Include="..\src\C_play\game\DungeonRPG\DungeonRPG.h">
      <Filter>헤더 파일\DungeonRPG</Filter>
    </ClInclude>
    <ClInclude Include="..\src\C_play\game\minesweeper\inGame.h">
      <Filter>헤더 파일\minesweeper</Filter>
    </ClInclude>
    <ClInclude Include="..\src\C_play\game\minesweeper\setmine.h">
      <Filter>헤더 파일\minesweeper</Filter>
    </ClInclude>
    <ClInclude Include="..\src\C_play\game\minesweeper\setminemap.h">
      <Filter>헤더 파일\minesweeper</Filter>
    </ClInclude>
    <ClInclude Include="..\src\C_play\game\minesweeper\processGame.h">
      <Filter>헤더 파일\minesweeper</Filter>
    </ClInclude>
  </ItemGroup>
</Project>